{
  "version": 4,
  "terraform_version": "1.15.5",
  "serial": 75,
  "lineage": "87c5640d-130a-9c30-61a9-065ac8428a34",
  "outputs": {},
  "resources": [
    {
      "module": "module.production_eks",
      "mode": "managed",
      "type": "aws_eks_cluster",
      "name": "main",
      "provider": "provider[\"registry.terraform.io/hashicorp/aws\"]",
      "instances": [
        {
          "schema_version": 1,
          "attributes": {
            "access_config": [
              {
                "authentication_mode": "CONFIG_MAP",
                "bootstrap_cluster_creator_admin_permissions": true
              }
            ],
            "arn": "arn:aws:eks:us-east-1:836809165717:cluster/Production-eks-cluster",
            "bootstrap_self_managed_addons": true,
            "certificate_authority": [
              {
                "data": "LS0tLS1CRUdJTiBDRVJUSUZJQ0FURS0tLS0tCk1JSURCVENDQWUyZ0F3SUJBZ0lJSFlhREVZWmFmZkV3RFFZSktvWklodmNOQVFFTEJRQXdGVEVUTUJFR0ExVUUKQXhNS2EzVmlaWEp1WlhSbGN6QWVGdzB5TmpBMk1qRXdOakE0TkRkYUZ3MHpOakEyTVRnd05qRXpORGRhTUJVeApFekFSQmdOVkJBTVRDbXQxWW1WeWJtVjBaWE13Z2dFaU1BMEdDU3FHU0liM0RRRUJBUVVBQTRJQkR3QXdnZ0VLCkFvSUJBUUM2d2oxbXNhOEJMSGhiWlpIS0ZocGtHT1B0cUZEbEhaVTlGT2xTRzNkWEN5VzVFaXVSNHNUK1VIZmIKcVdvTXhTM28xZC9aZjY4Y0p6UGxrNklVOGNBZkFsY2JJQXV6WEpVMi9OR1JIOU91NnRCVVp3Vmhsa3Jmb1NhTQpvcjhrSC9tb3VjdnRndzhrWmVhaitNN1kwaXRhZVVieGt6NU45T21NbHVYRGhnWlpET2VwMG1aZ1ZzTlpOanFzCi9IWk1RSVM5TkFpeHNvVklGZitZdmVsWlB2OVZNMTZDUkVxQmp4NnZMUTJhK2VJNDJhWWlvT2oyRXZmbTU0Ky8KSDF0MG5DaUlnNEF5VllRendlNkhaSU91a2krd25DbGwwK2Yzd2VtTWppd0ZsS1RMQVovYkRyNjRHdkYvYnlUaApGNytjMVJUVUQ5M0hRZzRLN0E1RlJheEN6aGVEQWdNQkFBR2pXVEJYTUE0R0ExVWREd0VCL3dRRUF3SUNwREFQCkJnTlZIUk1CQWY4RUJUQURBUUgvTUIwR0ExVWREZ1FXQkJTS0dHMnYrWXcrWDVYZVAzcDFLcEVKR1NjVXl6QVYKQmdOVkhSRUVEakFNZ2dwcmRXSmxjbTVsZEdWek1BMEdDU3FHU0liM0RRRUJDd1VBQTRJQkFRQ0VUYlpNRksyVwo2cWgvY0xHeTJaWjlacHZJbElLcnVKK0tuK1ZyWFN5eW1HUXhSL0Jua255NURjNVNrSTRJMkdMSWl0aGlWdlBHCnJYdWVXK1R0N1pnS2UzWnlhbUZ3NnVBUGROWWpJOXdUWDJXUXdMZlRVWXBVbmFETVMwbTZuWUFrQmdCb3Q5eTIKcjZDK3JXbFlpMFlNcFZLK1ZnOUlIcmNLUGx6QkliaC9XaWFXb2FYa2ZEbG53Rld1QnFlUWVDQ2ZhR3gxOHo4cApJM2liM1ZMK1VPby9JbkY3anpId1JMS2VKS3padnVmY2NUZHFabEU0TkZwYkFmWnFRcjN4M05EZ1pwMEIxM2pBClluN0hBbm5BQTNLQUtXWGtpT2ZGT0FmcE54eWNldVBmNzB3cmFrc243RmZXNjhYNGcrWElMaGxpTTJ5b3RFZnIKdkNPdFdUWU1OK0oyCi0tLS0tRU5EIENFUlRJRklDQVRFLS0tLS0K"
              }
            ],
            "cluster_id": null,
            "compute_config": [],
            "created_at": "2026-06-21T06:07:39Z",
            "enabled_cluster_log_types": null,
            "encryption_config": [],
            "endpoint": "https://F6797BC58A057B305A14ADD0D957AB53.gr7.us-east-1.eks.amazonaws.com",
            "force_update_version": null,
            "id": "Production-eks-cluster",
            "identity": [
              {
                "oidc": [
                  {
                    "issuer": "https://oidc.eks.us-east-1.amazonaws.com/id/F6797BC58A057B305A14ADD0D957AB53"
                  }
                ]
              }
            ],
            "kubernetes_network_config": [
              {
                "elastic_load_balancing": [
                  {
                    "enabled": false
                  }
                ],
                "ip_family": "ipv4",
                "service_ipv4_cidr": "172.20.0.0/16",
                "service_ipv6_cidr": ""
              }
            ],
            "name": "Production-eks-cluster",
            "outpost_config": [],
            "platform_version": "eks.62",
            "remote_network_config": [],
            "role_arn": "arn:aws:iam::836809165717:role/Production-eks-cluster-role",
            "status": "ACTIVE",
            "storage_config": [],
            "tags": null,
            "tags_all": {},
            "timeouts": null,
            "upgrade_policy": [
              {
                "support_type": "EXTENDED"
              }
            ],
            "version": "1.31",
            "vpc_config": [
              {
                "cluster_security_group_id": "sg-00eafe0f404128cb0",
                "endpoint_private_access": true,
                "endpoint_public_access": true,
                "public_access_cidrs": [
                  "0.0.0.0/0"
                ],
                "security_group_ids": null,
                "subnet_ids": [
                  "subnet-08dc0b3109d8dcb26",
                  "subnet-0ed7c8118ca31e8e5"
                ],
                "vpc_id": "vpc-00254a2b5085657bb"
              }
            ],
            "zonal_shift_config": []
          },
          "sensitive_attributes": [],
          "identity_schema_version": 0,
          "private": "eyJlMmJmYjczMC1lY2FhLTExZTYtOGY4OC0zNDM2M2JjN2M0YzAiOnsiY3JlYXRlIjoxODAwMDAwMDAwMDAwLCJkZWxldGUiOjkwMDAwMDAwMDAwMCwidXBkYXRlIjozNjAwMDAwMDAwMDAwfSwic2NoZW1hX3ZlcnNpb24iOiIxIn0=",
          "dependencies": [
            "module.production_eks.aws_iam_role.cluster",
            "module.production_eks.aws_iam_role_policy_attachment.cluster_AmazonEKSClusterPolicy",
            "module.production_vpc.aws_subnet.private",
            "module.production_vpc.aws_vpc.main",
            "module.production_vpc.data.aws_availability_zones.available"
          ]
        }
      ]
    },
    {
      "module": "module.production_eks",
      "mode": "managed",
      "type": "aws_eks_node_group",
      "name": "private_nodes",
      "provider": "provider[\"registry.terraform.io/hashicorp/aws\"]",
      "instances": [
        {
          "schema_version": 0,
          "attributes": {
            "ami_type": "AL2023_x86_64_STANDARD",
            "arn": "arn:aws:eks:us-east-1:836809165717:nodegroup/Production-eks-cluster/private-nodes/80cf746a-2b77-ab12-9108-69718f214ca8",
            "capacity_type": "ON_DEMAND",
            "cluster_name": "Production-eks-cluster",
            "disk_size": 20,
            "force_update_version": null,
            "id": "Production-eks-cluster:private-nodes",
            "instance_types": [
              "t3.micro"
            ],
            "labels": null,
            "launch_template": [],
            "node_group_name": "private-nodes",
            "node_group_name_prefix": "",
            "node_repair_config": [],
            "node_role_arn": "arn:aws:iam::836809165717:role/Production-eks-node-role",
            "release_version": "1.31.14-20260618",
            "remote_access": [],
            "resources": [
              {
                "autoscaling_groups": [
                  {
                    "name": "eks-private-nodes-80cf746a-2b77-ab12-9108-69718f214ca8"
                  }
                ],
                "remote_access_security_group_id": ""
              }
            ],
            "scaling_config": [
              {
                "desired_size": 2,
                "max_size": 3,
                "min_size": 1
              }
            ],
            "status": "ACTIVE",
            "subnet_ids": [
              "subnet-08dc0b3109d8dcb26",
              "subnet-0ed7c8118ca31e8e5"
            ],
            "tags": null,
            "tags_all": {},
            "taint": [],
            "timeouts": null,
            "update_config": [
              {
                "max_unavailable": 1,
                "max_unavailable_percentage": 0
              }
            ],
            "version": "1.31"
          },
          "sensitive_attributes": [],
          "identity_schema_version": 0,
          "private": "eyJlMmJmYjczMC1lY2FhLTExZTYtOGY4OC0zNDM2M2JjN2M0YzAiOnsiY3JlYXRlIjozNjAwMDAwMDAwMDAwLCJkZWxldGUiOjM2MDAwMDAwMDAwMDAsInVwZGF0ZSI6MzYwMDAwMDAwMDAwMH19",
          "dependencies": [
            "module.production_eks.aws_eks_cluster.main",
            "module.production_eks.aws_iam_role.cluster",
            "module.production_eks.aws_iam_role.nodes",
            "module.production_eks.aws_iam_role_policy_attachment.cluster_AmazonEKSClusterPolicy",
            "module.production_eks.aws_iam_role_policy_attachment.nodes_AmazonEC2ContainerRegistryReadOnly",
            "module.production_eks.aws_iam_role_policy_attachment.nodes_AmazonEKSWorkerNodePolicy",
            "module.production_eks.aws_iam_role_policy_attachment.nodes_AmazonEKS_CNI_Policy",
            "module.production_vpc.aws_subnet.private",
            "module.production_vpc.aws_vpc.main",
            "module.production_vpc.data.aws_availability_zones.available"
          ]
        }
      ]
    },
    {
      "module": "module.production_eks",
      "mode": "managed",
      "type": "aws_iam_role",
      "name": "cluster",
      "provider": "provider[\"registry.terraform.io/hashicorp/aws\"]",
      "instances": [
        {
          "schema_version": 0,
          "attributes": {
            "arn": "arn:aws:iam::836809165717:role/Production-eks-cluster-role",
            "assume_role_policy": "{\"Statement\":[{\"Action\":\"sts:AssumeRole\",\"Effect\":\"Allow\",\"Principal\":{\"Service\":\"eks.amazonaws.com\"}}],\"Version\":\"2012-10-17\"}",
            "create_date": "2026-06-21T06:07:15Z",
            "description": "",
            "force_detach_policies": false,
            "id": "Production-eks-cluster-role",
            "inline_policy": [],
            "managed_policy_arns": [],
            "max_session_duration": 3600,
            "name": "Production-eks-cluster-role",
            "name_prefix": "",
            "path": "/",
            "permissions_boundary": "",
            "tags": null,
            "tags_all": {},
            "unique_id": "AROA4FVNWROKVOHLK32Z5"
          },
          "sensitive_attributes": [],
          "identity_schema_version": 0,
          "private": "bnVsbA=="
        }
      ]
    },
    {
      "module": "module.production_eks",
      "mode": "managed",
      "type": "aws_iam_role",
      "name": "nodes",
      "provider": "provider[\"registry.terraform.io/hashicorp/aws\"]",
      "instances": [
        {
          "schema_version": 0,
          "attributes": {
            "arn": "arn:aws:iam::836809165717:role/Production-eks-node-role",
            "assume_role_policy": "{\"Statement\":[{\"Action\":\"sts:AssumeRole\",\"Effect\":\"Allow\",\"Principal\":{\"Service\":\"ec2.amazonaws.com\"}}],\"Version\":\"2012-10-17\"}",
            "create_date": "2026-06-21T06:07:15Z",
            "description": "",
            "force_detach_policies": false,
            "id": "Production-eks-node-role",
            "inline_policy": [],
            "managed_policy_arns": [],
            "max_session_duration": 3600,
            "name": "Production-eks-node-role",
            "name_prefix": "",
            "path": "/",
            "permissions_boundary": "",
            "tags": null,
            "tags_all": {},
            "unique_id": "AROA4FVNWROK4CMSPW7WO"
          },
          "sensitive_attributes": [],
          "identity_schema_version": 0,
          "private": "bnVsbA=="
        }
      ]
    },
    {
      "module": "module.production_eks",
      "mode": "managed",
      "type": "aws_iam_role_policy_attachment",
      "name": "cluster_AmazonEKSClusterPolicy",
      "provider": "provider[\"registry.terraform.io/hashicorp/aws\"]",
      "instances": [
        {
          "schema_version": 0,
          "attributes": {
            "id": "Production-eks-cluster-role-20260621060720191100000002",
            "policy_arn": "arn:aws:iam::aws:policy/AmazonEKSClusterPolicy",
            "role": "Production-eks-cluster-role"
          },
          "sensitive_attributes": [],
          "identity_schema_version": 0,
          "private": "bnVsbA==",
          "dependencies": [
            "module.production_eks.aws_iam_role.cluster"
          ]
        }
      ]
    },
    {
      "module": "module.production_eks",
      "mode": "managed",
      "type": "aws_iam_role_policy_attachment",
      "name": "nodes_AmazonEC2ContainerRegistryReadOnly",
      "provider": "provider[\"registry.terraform.io/hashicorp/aws\"]",
      "instances": [
        {
          "schema_version": 0,
          "attributes": {
            "id": "Production-eks-node-role-20260621060720160000000001",
            "policy_arn": "arn:aws:iam::aws:policy/AmazonEC2ContainerRegistryReadOnly",
            "role": "Production-eks-node-role"
          },
          "sensitive_attributes": [],
          "identity_schema_version": 0,
          "private": "bnVsbA==",
          "dependencies": [
            "module.production_eks.aws_iam_role.nodes"
          ]
        }
      ]
    },
    {
      "module": "module.production_eks",
      "mode": "managed",
      "type": "aws_iam_role_policy_attachment",
      "name": "nodes_AmazonEKSWorkerNodePolicy",
      "provider": "provider[\"registry.terraform.io/hashicorp/aws\"]",
      "instances": [
        {
          "schema_version": 0,
          "attributes": {
            "id": "Production-eks-node-role-20260621060720557900000004",
            "policy_arn": "arn:aws:iam::aws:policy/AmazonEKSWorkerNodePolicy",
            "role": "Production-eks-node-role"
          },
          "sensitive_attributes": [],
          "identity_schema_version": 0,
          "private": "bnVsbA==",
          "dependencies": [
            "module.production_eks.aws_iam_role.nodes"
          ]
        }
      ]
    },
    {
      "module": "module.production_eks",
      "mode": "managed",
      "type": "aws_iam_role_policy_attachment",
      "name": "nodes_AmazonEKS_CNI_Policy",
      "provider": "provider[\"registry.terraform.io/hashicorp/aws\"]",
      "instances": [
        {
          "schema_version": 0,
          "attributes": {
            "id": "Production-eks-node-role-20260621060720491700000003",
            "policy_arn": "arn:aws:iam::aws:policy/AmazonEKS_CNI_Policy",
            "role": "Production-eks-node-role"
          },
          "sensitive_attributes": [],
          "identity_schema_version": 0,
          "private": "bnVsbA==",
          "dependencies": [
            "module.production_eks.aws_iam_role.nodes"
          ]
        }
      ]
    },
    {
      "module": "module.production_vpc",
      "mode": "data",
      "type": "aws_availability_zones",
      "name": "available",
      "provider": "provider[\"registry.terraform.io/hashicorp/aws\"]",
      "instances": [
        {
          "schema_version": 0,
          "attributes": {
            "all_availability_zones": null,
            "exclude_names": null,
            "exclude_zone_ids": null,
            "filter": null,
            "group_names": [
              "us-east-1-zg-1"
            ],
            "id": "us-east-1",
            "names": [
              "us-east-1a",
              "us-east-1b",
              "us-east-1c",
              "us-east-1d",
              "us-east-1e",
              "us-east-1f"
            ],
            "state": "available",
            "timeouts": null,
            "zone_ids": [
              "use1-az1",
              "use1-az2",
              "use1-az4",
              "use1-az6",
              "use1-az3",
              "use1-az5"
            ]
          },
          "sensitive_attributes": [],
          "identity_schema_version": 0
        }
      ]
    },
    {
      "module": "module.production_vpc",
      "mode": "managed",
      "type": "aws_eip",
      "name": "nat",
      "provider": "provider[\"registry.terraform.io/hashicorp/aws\"]",
      "instances": [
        {
          "schema_version": 0,
          "attributes": {
            "address": null,
            "allocation_id": "eipalloc-06ff18d251110be09",
            "arn": "arn:aws:ec2:us-east-1:836809165717:elastic-ip/eipalloc-06ff18d251110be09",
            "associate_with_private_ip": null,
            "association_id": "",
            "carrier_ip": "",
            "customer_owned_ip": "",
            "customer_owned_ipv4_pool": "",
            "domain": "vpc",
            "id": "eipalloc-06ff18d251110be09",
            "instance": "",
            "ipam_pool_id": null,
            "network_border_group": "us-east-1",
            "network_interface": "",
            "private_dns": null,
            "private_ip": "",
            "ptr_record": "",
            "public_dns": "ec2-44-195-97-118.compute-1.amazonaws.com",
            "public_ip": "44.195.97.118",
            "public_ipv4_pool": "amazon",
            "tags": null,
            "tags_all": {},
            "timeouts": null,
            "vpc": true
          },
          "sensitive_attributes": [],
          "identity_schema_version": 0,
          "private": "eyJlMmJmYjczMC1lY2FhLTExZTYtOGY4OC0zNDM2M2JjN2M0YzAiOnsiZGVsZXRlIjoxODAwMDAwMDAwMDAsInJlYWQiOjkwMDAwMDAwMDAwMCwidXBkYXRlIjozMDAwMDAwMDAwMDB9fQ==",
          "dependencies": [
            "module.production_vpc.aws_internet_gateway.gw",
            "module.production_vpc.aws_vpc.main"
          ]
        }
      ]
    },
    {
      "module": "module.production_vpc",
      "mode": "managed",
      "type": "aws_internet_gateway",
      "name": "gw",
      "provider": "provider[\"registry.terraform.io/hashicorp/aws\"]",
      "instances": [
        {
          "schema_version": 0,
          "attributes": {
            "arn": "arn:aws:ec2:us-east-1:836809165717:internet-gateway/igw-00a18f215bea94088",
            "id": "igw-00a18f215bea94088",
            "owner_id": "836809165717",
            "tags": {
              "Name": "Production-igw"
            },
            "tags_all": {
              "Name": "Production-igw"
            },
            "timeouts": null,
            "vpc_id": "vpc-00254a2b5085657bb"
          },
          "sensitive_attributes": [],
          "identity_schema_version": 0,
          "private": "eyJlMmJmYjczMC1lY2FhLTExZTYtOGY4OC0zNDM2M2JjN2M0YzAiOnsiY3JlYXRlIjoxMjAwMDAwMDAwMDAwLCJkZWxldGUiOjEyMDAwMDAwMDAwMDAsInVwZGF0ZSI6MTIwMDAwMDAwMDAwMH19",
          "dependencies": [
            "module.production_vpc.aws_vpc.main"
          ]
        }
      ]
    },
    {
      "module": "module.production_vpc",
      "mode": "managed",
      "type": "aws_nat_gateway",
      "name": "nat",
      "provider": "provider[\"registry.terraform.io/hashicorp/aws\"]",
      "instances": [
        {
          "schema_version": 0,
          "attributes": {
            "allocation_id": "eipalloc-06ff18d251110be09",
            "association_id": "eipassoc-06de5b2c5e446a9eb",
            "connectivity_type": "public",
            "id": "nat-096975fc54650861a",
            "network_interface_id": "eni-0509e21b486a30736",
            "private_ip": "10.0.1.43",
            "public_ip": "44.195.97.118",
            "secondary_allocation_ids": null,
            "secondary_private_ip_address_count": 0,
            "secondary_private_ip_addresses": [],
            "subnet_id": "subnet-0f22c91ca64ec0666",
            "tags": {
              "Name": "Production-nat-gw"
            },
            "tags_all": {
              "Name": "Production-nat-gw"
            },
            "timeouts": null
          },
          "sensitive_attributes": [],
          "identity_schema_version": 0,
          "private": "eyJlMmJmYjczMC1lY2FhLTExZTYtOGY4OC0zNDM2M2JjN2M0YzAiOnsiY3JlYXRlIjo2MDAwMDAwMDAwMDAsImRlbGV0ZSI6MTgwMDAwMDAwMDAwMCwidXBkYXRlIjo2MDAwMDAwMDAwMDB9fQ==",
          "dependencies": [
            "module.production_vpc.aws_eip.nat",
            "module.production_vpc.aws_internet_gateway.gw",
            "module.production_vpc.aws_subnet.public",
            "module.production_vpc.aws_vpc.main",
            "module.production_vpc.data.aws_availability_zones.available"
          ]
        }
      ]
    },
    {
      "module": "module.production_vpc",
      "mode": "managed",
      "type": "aws_route_table",
      "name": "private",
      "provider": "provider[\"registry.terraform.io/hashicorp/aws\"]",
      "instances": [
        {
          "schema_version": 0,
          "attributes": {
            "arn": "arn:aws:ec2:us-east-1:836809165717:route-table/rtb-0bd8006eea2b27c37",
            "id": "rtb-0bd8006eea2b27c37",
            "owner_id": "836809165717",
            "propagating_vgws": [],
            "route": [
              {
                "carrier_gateway_id": "",
                "cidr_block": "0.0.0.0/0",
                "core_network_arn": "",
                "destination_prefix_list_id": "",
                "egress_only_gateway_id": "",
                "gateway_id": "",
                "ipv6_cidr_block": "",
                "local_gateway_id": "",
                "nat_gateway_id": "nat-096975fc54650861a",
                "network_interface_id": "",
                "transit_gateway_id": "",
                "vpc_endpoint_id": "",
                "vpc_peering_connection_id": ""
              }
            ],
            "tags": {
              "Name": "Production-private-rt"
            },
            "tags_all": {
              "Name": "Production-private-rt"
            },
            "timeouts": null,
            "vpc_id": "vpc-00254a2b5085657bb"
          },
          "sensitive_attributes": [],
          "identity_schema_version": 0,
          "private": "eyJlMmJmYjczMC1lY2FhLTExZTYtOGY4OC0zNDM2M2JjN2M0YzAiOnsiY3JlYXRlIjozMDAwMDAwMDAwMDAsImRlbGV0ZSI6MzAwMDAwMDAwMDAwLCJ1cGRhdGUiOjEyMDAwMDAwMDAwMH19",
          "dependencies": [
            "module.production_vpc.aws_eip.nat",
            "module.production_vpc.aws_internet_gateway.gw",
            "module.production_vpc.aws_nat_gateway.nat",
            "module.production_vpc.aws_subnet.public",
            "module.production_vpc.aws_vpc.main",
            "module.production_vpc.data.aws_availability_zones.available"
          ]
        }
      ]
    },
    {
      "module": "module.production_vpc",
      "mode": "managed",
      "type": "aws_route_table",
      "name": "public",
      "provider": "provider[\"registry.terraform.io/hashicorp/aws\"]",
      "instances": [
        {
          "schema_version": 0,
          "attributes": {
            "arn": "arn:aws:ec2:us-east-1:836809165717:route-table/rtb-003de3216a2bcbf71",
            "id": "rtb-003de3216a2bcbf71",
            "owner_id": "836809165717",
            "propagating_vgws": [],
            "route": [
              {
                "carrier_gateway_id": "",
                "cidr_block": "0.0.0.0/0",
                "core_network_arn": "",
                "destination_prefix_list_id": "",
                "egress_only_gateway_id": "",
                "gateway_id": "igw-00a18f215bea94088",
                "ipv6_cidr_block": "",
                "local_gateway_id": "",
                "nat_gateway_id": "",
                "network_interface_id": "",
                "transit_gateway_id": "",
                "vpc_endpoint_id": "",
                "vpc_peering_connection_id": ""
              }
            ],
            "tags": {
              "Name": "Production-public-rt"
            },
            "tags_all": {
              "Name": "Production-public-rt"
            },
            "timeouts": null,
            "vpc_id": "vpc-00254a2b5085657bb"
          },
          "sensitive_attributes": [],
          "identity_schema_version": 0,
          "private": "eyJlMmJmYjczMC1lY2FhLTExZTYtOGY4OC0zNDM2M2JjN2M0YzAiOnsiY3JlYXRlIjozMDAwMDAwMDAwMDAsImRlbGV0ZSI6MzAwMDAwMDAwMDAwLCJ1cGRhdGUiOjEyMDAwMDAwMDAwMH19",
          "dependencies": [
            "module.production_vpc.aws_internet_gateway.gw",
            "module.production_vpc.aws_vpc.main"
          ]
        }
      ]
    },
    {
      "module": "module.production_vpc",
      "mode": "managed",
      "type": "aws_route_table_association",
      "name": "private",
      "provider": "provider[\"registry.terraform.io/hashicorp/aws\"]",
      "instances": [
        {
          "index_key": 0,
          "schema_version": 0,
          "attributes": {
            "gateway_id": "",
            "id": "rtbassoc-0aec901163d99d6db",
            "route_table_id": "rtb-0bd8006eea2b27c37",
            "subnet_id": "subnet-0ed7c8118ca31e8e5",
            "timeouts": null
          },
          "sensitive_attributes": [],
          "identity_schema_version": 0,
          "private": "eyJlMmJmYjczMC1lY2FhLTExZTYtOGY4OC0zNDM2M2JjN2M0YzAiOnsiY3JlYXRlIjozMDAwMDAwMDAwMDAsImRlbGV0ZSI6MzAwMDAwMDAwMDAwLCJ1cGRhdGUiOjEyMDAwMDAwMDAwMH19",
          "dependencies": [
            "module.production_vpc.aws_eip.nat",
            "module.production_vpc.aws_internet_gateway.gw",
            "module.production_vpc.aws_nat_gateway.nat",
            "module.production_vpc.aws_route_table.private",
            "module.production_vpc.aws_subnet.private",
            "module.production_vpc.aws_subnet.public",
            "module.production_vpc.aws_vpc.main",
            "module.production_vpc.data.aws_availability_zones.available"
          ]
        },
        {
          "index_key": 1,
          "schema_version": 0,
          "attributes": {
            "gateway_id": "",
            "id": "rtbassoc-0da4f8ba22ca2faf1",
            "route_table_id": "rtb-0bd8006eea2b27c37",
            "subnet_id": "subnet-08dc0b3109d8dcb26",
            "timeouts": null
          },
          "sensitive_attributes": [],
          "identity_schema_version": 0,
          "private": "eyJlMmJmYjczMC1lY2FhLTExZTYtOGY4OC0zNDM2M2JjN2M0YzAiOnsiY3JlYXRlIjozMDAwMDAwMDAwMDAsImRlbGV0ZSI6MzAwMDAwMDAwMDAwLCJ1cGRhdGUiOjEyMDAwMDAwMDAwMH19",
          "dependencies": [
            "module.production_vpc.aws_eip.nat",
            "module.production_vpc.aws_internet_gateway.gw",
            "module.production_vpc.aws_nat_gateway.nat",
            "module.production_vpc.aws_route_table.private",
            "module.production_vpc.aws_subnet.private",
            "module.production_vpc.aws_subnet.public",
            "module.production_vpc.aws_vpc.main",
            "module.production_vpc.data.aws_availability_zones.available"
          ]
        }
      ]
    },
    {
      "module": "module.production_vpc",
      "mode": "managed",
      "type": "aws_route_table_association",
      "name": "public",
      "provider": "provider[\"registry.terraform.io/hashicorp/aws\"]",
      "instances": [
        {
          "index_key": 0,
          "schema_version": 0,
          "attributes": {
            "gateway_id": "",
            "id": "rtbassoc-0c6e134932ac3d584",
            "route_table_id": "rtb-003de3216a2bcbf71",
            "subnet_id": "subnet-0f22c91ca64ec0666",
            "timeouts": null
          },
          "sensitive_attributes": [],
          "identity_schema_version": 0,
          "private": "eyJlMmJmYjczMC1lY2FhLTExZTYtOGY4OC0zNDM2M2JjN2M0YzAiOnsiY3JlYXRlIjozMDAwMDAwMDAwMDAsImRlbGV0ZSI6MzAwMDAwMDAwMDAwLCJ1cGRhdGUiOjEyMDAwMDAwMDAwMH19",
          "dependencies": [
            "module.production_vpc.aws_internet_gateway.gw",
            "module.production_vpc.aws_route_table.public",
            "module.production_vpc.aws_subnet.public",
            "module.production_vpc.aws_vpc.main",
            "module.production_vpc.data.aws_availability_zones.available"
          ]
        },
        {
          "index_key": 1,
          "schema_version": 0,
          "attributes": {
            "gateway_id": "",
            "id": "rtbassoc-0ff2a0f7627fde9b7",
            "route_table_id": "rtb-003de3216a2bcbf71",
            "subnet_id": "subnet-0c83013ec513fe7ef",
            "timeouts": null
          },
          "sensitive_attributes": [],
          "identity_schema_version": 0,
          "private": "eyJlMmJmYjczMC1lY2FhLTExZTYtOGY4OC0zNDM2M2JjN2M0YzAiOnsiY3JlYXRlIjozMDAwMDAwMDAwMDAsImRlbGV0ZSI6MzAwMDAwMDAwMDAwLCJ1cGRhdGUiOjEyMDAwMDAwMDAwMH19",
          "dependencies": [
            "module.production_vpc.aws_internet_gateway.gw",
            "module.production_vpc.aws_route_table.public",
            "module.production_vpc.aws_subnet.public",
            "module.production_vpc.aws_vpc.main",
            "module.production_vpc.data.aws_availability_zones.available"
          ]
        }
      ]
    },
    {
      "module": "module.production_vpc",
      "mode": "managed",
      "type": "aws_subnet",
      "name": "private",
      "provider": "provider[\"registry.terraform.io/hashicorp/aws\"]",
      "instances": [
        {
          "index_key": 0,
          "schema_version": 1,
          "attributes": {
            "arn": "arn:aws:ec2:us-east-1:836809165717:subnet/subnet-0ed7c8118ca31e8e5",
            "assign_ipv6_address_on_creation": false,
            "availability_zone": "us-east-1a",
            "availability_zone_id": "use1-az1",
            "cidr_block": "10.0.11.0/24",
            "customer_owned_ipv4_pool": "",
            "enable_dns64": false,
            "enable_lni_at_device_index": 0,
            "enable_resource_name_dns_a_record_on_launch": false,
            "enable_resource_name_dns_aaaa_record_on_launch": false,
            "id": "subnet-0ed7c8118ca31e8e5",
            "ipv6_cidr_block": "",
            "ipv6_cidr_block_association_id": "",
            "ipv6_native": false,
            "map_customer_owned_ip_on_launch": false,
            "map_public_ip_on_launch": false,
            "outpost_arn": "",
            "owner_id": "836809165717",
            "private_dns_hostname_type_on_launch": "ip-name",
            "tags": {
              "Environment": "Production",
              "Name": "Production-private-1",
              "kubernetes.io/role/internal-elb": "1"
            },
            "tags_all": {
              "Environment": "Production",
              "Name": "Production-private-1",
              "kubernetes.io/role/internal-elb": "1"
            },
            "timeouts": null,
            "vpc_id": "vpc-00254a2b5085657bb"
          },
          "sensitive_attributes": [],
          "identity_schema_version": 0,
          "private": "eyJlMmJmYjczMC1lY2FhLTExZTYtOGY4OC0zNDM2M2JjN2M0YzAiOnsiY3JlYXRlIjo2MDAwMDAwMDAwMDAsImRlbGV0ZSI6MTIwMDAwMDAwMDAwMH0sInNjaGVtYV92ZXJzaW9uIjoiMSJ9",
          "dependencies": [
            "module.production_vpc.aws_vpc.main",
            "module.production_vpc.data.aws_availability_zones.available"
          ]
        },
        {
          "index_key": 1,
          "schema_version": 1,
          "attributes": {
            "arn": "arn:aws:ec2:us-east-1:836809165717:subnet/subnet-08dc0b3109d8dcb26",
            "assign_ipv6_address_on_creation": false,
            "availability_zone": "us-east-1b",
            "availability_zone_id": "use1-az2",
            "cidr_block": "10.0.12.0/24",
            "customer_owned_ipv4_pool": "",
            "enable_dns64": false,
            "enable_lni_at_device_index": 0,
            "enable_resource_name_dns_a_record_on_launch": false,
            "enable_resource_name_dns_aaaa_record_on_launch": false,
            "id": "subnet-08dc0b3109d8dcb26",
            "ipv6_cidr_block": "",
            "ipv6_cidr_block_association_id": "",
            "ipv6_native": false,
            "map_customer_owned_ip_on_launch": false,
            "map_public_ip_on_launch": false,
            "outpost_arn": "",
            "owner_id": "836809165717",
            "private_dns_hostname_type_on_launch": "ip-name",
            "tags": {
              "Environment": "Production",
              "Name": "Production-private-2",
              "kubernetes.io/role/internal-elb": "1"
            },
            "tags_all": {
              "Environment": "Production",
              "Name": "Production-private-2",
              "kubernetes.io/role/internal-elb": "1"
            },
            "timeouts": null,
            "vpc_id": "vpc-00254a2b5085657bb"
          },
          "sensitive_attributes": [],
          "identity_schema_version": 0,
          "private": "eyJlMmJmYjczMC1lY2FhLTExZTYtOGY4OC0zNDM2M2JjN2M0YzAiOnsiY3JlYXRlIjo2MDAwMDAwMDAwMDAsImRlbGV0ZSI6MTIwMDAwMDAwMDAwMH0sInNjaGVtYV92ZXJzaW9uIjoiMSJ9",
          "dependencies": [
            "module.production_vpc.aws_vpc.main",
            "module.production_vpc.data.aws_availability_zones.available"
          ]
        }
      ]
    },
    {
      "module": "module.production_vpc",
      "mode": "managed",
      "type": "aws_subnet",
      "name": "public",
      "provider": "provider[\"registry.terraform.io/hashicorp/aws\"]",
      "instances": [
        {
          "index_key": 0,
          "schema_version": 1,
          "attributes": {
            "arn": "arn:aws:ec2:us-east-1:836809165717:subnet/subnet-0f22c91ca64ec0666",
            "assign_ipv6_address_on_creation": false,
            "availability_zone": "us-east-1a",
            "availability_zone_id": "use1-az1",
            "cidr_block": "10.0.1.0/24",
            "customer_owned_ipv4_pool": "",
            "enable_dns64": false,
            "enable_lni_at_device_index": 0,
            "enable_resource_name_dns_a_record_on_launch": false,
            "enable_resource_name_dns_aaaa_record_on_launch": false,
            "id": "subnet-0f22c91ca64ec0666",
            "ipv6_cidr_block": "",
            "ipv6_cidr_block_association_id": "",
            "ipv6_native": false,
            "map_customer_owned_ip_on_launch": false,
            "map_public_ip_on_launch": true,
            "outpost_arn": "",
            "owner_id": "836809165717",
            "private_dns_hostname_type_on_launch": "ip-name",
            "tags": {
              "Environment": "Production",
              "Name": "Production-public-1",
              "kubernetes.io/role/elb": "1"
            },
            "tags_all": {
              "Environment": "Production",
              "Name": "Production-public-1",
              "kubernetes.io/role/elb": "1"
            },
            "timeouts": null,
            "vpc_id": "vpc-00254a2b5085657bb"
          },
          "sensitive_attributes": [],
          "identity_schema_version": 0,
          "private": "eyJlMmJmYjczMC1lY2FhLTExZTYtOGY4OC0zNDM2M2JjN2M0YzAiOnsiY3JlYXRlIjo2MDAwMDAwMDAwMDAsImRlbGV0ZSI6MTIwMDAwMDAwMDAwMH0sInNjaGVtYV92ZXJzaW9uIjoiMSJ9",
          "dependencies": [
            "module.production_vpc.aws_vpc.main",
            "module.production_vpc.data.aws_availability_zones.available"
          ]
        },
        {
          "index_key": 1,
          "schema_version": 1,
          "attributes": {
            "arn": "arn:aws:ec2:us-east-1:836809165717:subnet/subnet-0c83013ec513fe7ef",
            "assign_ipv6_address_on_creation": false,
            "availability_zone": "us-east-1b",
            "availability_zone_id": "use1-az2",
            "cidr_block": "10.0.2.0/24",
            "customer_owned_ipv4_pool": "",
            "enable_dns64": false,
            "enable_lni_at_device_index": 0,
            "enable_resource_name_dns_a_record_on_launch": false,
            "enable_resource_name_dns_aaaa_record_on_launch": false,
            "id": "subnet-0c83013ec513fe7ef",
            "ipv6_cidr_block": "",
            "ipv6_cidr_block_association_id": "",
            "ipv6_native": false,
            "map_customer_owned_ip_on_launch": false,
            "map_public_ip_on_launch": true,
            "outpost_arn": "",
            "owner_id": "836809165717",
            "private_dns_hostname_type_on_launch": "ip-name",
            "tags": {
              "Environment": "Production",
              "Name": "Production-public-2",
              "kubernetes.io/role/elb": "1"
            },
            "tags_all": {
              "Environment": "Production",
              "Name": "Production-public-2",
              "kubernetes.io/role/elb": "1"
            },
            "timeouts": null,
            "vpc_id": "vpc-00254a2b5085657bb"
          },
          "sensitive_attributes": [],
          "identity_schema_version": 0,
          "private": "eyJlMmJmYjczMC1lY2FhLTExZTYtOGY4OC0zNDM2M2JjN2M0YzAiOnsiY3JlYXRlIjo2MDAwMDAwMDAwMDAsImRlbGV0ZSI6MTIwMDAwMDAwMDAwMH0sInNjaGVtYV92ZXJzaW9uIjoiMSJ9",
          "dependencies": [
            "module.production_vpc.aws_vpc.main",
            "module.production_vpc.data.aws_availability_zones.available"
          ]
        }
      ]
    },
    {
      "module": "module.production_vpc",
      "mode": "managed",
      "type": "aws_vpc",
      "name": "main",
      "provider": "provider[\"registry.terraform.io/hashicorp/aws\"]",
      "instances": [
        {
          "schema_version": 1,
          "attributes": {
            "arn": "arn:aws:ec2:us-east-1:836809165717:vpc/vpc-00254a2b5085657bb",
            "assign_generated_ipv6_cidr_block": false,
            "cidr_block": "10.0.0.0/16",
            "default_network_acl_id": "acl-0f8b36e8ead122d1d",
            "default_route_table_id": "rtb-0830921856e00c545",
            "default_security_group_id": "sg-071e8b1ba899748a4",
            "dhcp_options_id": "dopt-042f310356489c1f9",
            "enable_dns_hostnames": true,
            "enable_dns_support": true,
            "enable_network_address_usage_metrics": false,
            "id": "vpc-00254a2b5085657bb",
            "instance_tenancy": "default",
            "ipv4_ipam_pool_id": null,
            "ipv4_netmask_length": null,
            "ipv6_association_id": "",
            "ipv6_cidr_block": "",
            "ipv6_cidr_block_network_border_group": "",
            "ipv6_ipam_pool_id": "",
            "ipv6_netmask_length": 0,
            "main_route_table_id": "rtb-0830921856e00c545",
            "owner_id": "836809165717",
            "tags": {
              "Environment": "Production",
              "Name": "Production-vpc"
            },
            "tags_all": {
              "Environment": "Production",
              "Name": "Production-vpc"
            }
          },
          "sensitive_attributes": [],
          "identity_schema_version": 0,
          "private": "eyJzY2hlbWFfdmVyc2lvbiI6IjEifQ=="
        }
      ]
    }
  ],
  "check_results": null
}
